// !$*UTF8*$!
{
	archiveVersion = 1;
	classes = {
	};
	objectVersion = 46;
	objects = {

/* Begin PBXBuildFile section */
		03FE92A02FCABF05B1F8386C /* Pods_Touristy.framework in Frameworks */ = {isa = PBXBuildFile; fileRef = 7F8D6969C420E5C71E754CA0 /* Pods_Touristy.framework */; };
		AF7091F21D5BDC03001DECE7 /* Default-568h@2x.png in Resources */ = {isa = PBXBuildFile; fileRef = AF7091F11D5BDC03001DECE7 /* Default-568h@2x.png */; };
		AF70920D1D5BDC84001DECE7 /* AppDelegate.swift in Sources */ = {isa = PBXBuildFile; fileRef = AF7091F41D5BDC84001DECE7 /* AppDelegate.swift */; };
		AF70920E1D5BDC84001DECE7 /* Assets.xcassets in Resources */ = {isa = PBXBuildFile; fileRef = AF7091F51D5BDC84001DECE7 /* Assets.xcassets */; };
		AF70920F1D5BDC84001DECE7 /* LaunchScreen.storyboard in Resources */ = {isa = PBXBuildFile; fileRef = AF7091F61D5BDC84001DECE7 /* LaunchScreen.storyboard */; };
		AF7092101D5BDC84001DECE7 /* Main.storyboard in Resources */ = {isa = PBXBuildFile; fileRef = AF7091F81D5BDC84001DECE7 /* Main.storyboard */; };
		AF7092111D5BDC84001DECE7 /* AppController.swift in Sources */ = {isa = PBXBuildFile; fileRef = AF7091FB1D5BDC84001DECE7 /* AppController.swift */; };
		AF7092121D5BDC84001DECE7 /* CameraViewController.swift in Sources */ = {isa = PBXBuildFile; fileRef = AF7091FC1D5BDC84001DECE7 /* CameraViewController.swift */; };
		AF7092131D5BDC84001DECE7 /* InitialViewController.swift in Sources */ = {isa = PBXBuildFile; fileRef = AF7091FD1D5BDC84001DECE7 /* InitialViewController.swift */; };
		AF7092141D5BDC84001DECE7 /* NavigationController.swift in Sources */ = {isa = PBXBuildFile; fileRef = AF7091FE1D5BDC84001DECE7 /* NavigationController.swift */; };
		AF7092151D5BDC84001DECE7 /* TabBarController.swift in Sources */ = {isa = PBXBuildFile; fileRef = AF7091FF1D5BDC84001DECE7 /* TabBarController.swift */; };
		AF7092161D5BDC84001DECE7 /* ViewController.swift in Sources */ = {isa = PBXBuildFile; fileRef = AF7092001D5BDC84001DECE7 /* ViewController.swift */; };
		AF7092181D5BDC84001DECE7 /* DataStore.swift in Sources */ = {isa = PBXBuildFile; fileRef = AF7092031D5BDC84001DECE7 /* DataStore.swift */; };
		AF7092191D5BDC84001DECE7 /* TourSpotData.swift in Sources */ = {isa = PBXBuildFile; fileRef = AF7092041D5BDC84001DECE7 /* TourSpotData.swift */; };
		AF70921A1D5BDC84001DECE7 /* Touristy.xcdatamodeld in Sources */ = {isa = PBXBuildFile; fileRef = AF7092051D5BDC84001DECE7 /* Touristy.xcdatamodeld */; };
		AF70921B1D5BDC84001DECE7 /* Camera.swift in Sources */ = {isa = PBXBuildFile; fileRef = AF7092081D5BDC84001DECE7 /* Camera.swift */; };
		AF70921C1D5BDC84001DECE7 /* MainFeedCell.swift in Sources */ = {isa = PBXBuildFile; fileRef = AF70920A1D5BDC84001DECE7 /* MainFeedCell.swift */; };
		AF70921D1D5BDC84001DECE7 /* MainTableView.swift in Sources */ = {isa = PBXBuildFile; fileRef = AF70920B1D5BDC84001DECE7 /* MainTableView.swift */; };
		AF70921E1D5BDC84001DECE7 /* MainView.swift in Sources */ = {isa = PBXBuildFile; fileRef = AF70920C1D5BDC84001DECE7 /* MainView.swift */; };
		AF7092211D5BE4CF001DECE7 /* APIClient.swift in Sources */ = {isa = PBXBuildFile; fileRef = AF7092201D5BE4CF001DECE7 /* APIClient.swift */; };
		AF7092231D5BE503001DECE7 /* Locations.swift in Sources */ = {isa = PBXBuildFile; fileRef = AF7092221D5BE503001DECE7 /* Locations.swift */; };
		AF7092251D5BE534001DECE7 /* HistoricalLocations.swift in Sources */ = {isa = PBXBuildFile; fileRef = AF7092241D5BE534001DECE7 /* HistoricalLocations.swift */; };
		AF7092271D5BE610001DECE7 /* AppFont.swift in Sources */ = {isa = PBXBuildFile; fileRef = AF7092261D5BE610001DECE7 /* AppFont.swift */; };
		AF7777EB1D61114400303DBB /* StartMenuVIewController.swift in Sources */ = {isa = PBXBuildFile; fileRef = AF7777EA1D61114400303DBB /* StartMenuVIewController.swift */; };
		AF7777ED1D61123500303DBB /* StartView.swift in Sources */ = {isa = PBXBuildFile; fileRef = AF7777EC1D61123500303DBB /* StartView.swift */; };
		AF7777EF1D611D6F00303DBB /* Events.swift in Sources */ = {isa = PBXBuildFile; fileRef = AF7777EE1D611D6F00303DBB /* Events.swift */; };
		AFD9AD591D5C551C0012A55B /* Navigable.swift in Sources */ = {isa = PBXBuildFile; fileRef = AFD9AD581D5C551C0012A55B /* Navigable.swift */; };
		AFD9AD5B1D5C55330012A55B /* Tabable.swift in Sources */ = {isa = PBXBuildFile; fileRef = AFD9AD5A1D5C55330012A55B /* Tabable.swift */; };
		AFD9AD5D1D5C55400012A55B /* Searchable.swift in Sources */ = {isa = PBXBuildFile; fileRef = AFD9AD5C1D5C55400012A55B /* Searchable.swift */; };
		AFDC1E611D5FC275005C1CCF /* MapKitViewController.swift in Sources */ = {isa = PBXBuildFile; fileRef = AFDC1E601D5FC275005C1CCF /* MapKitViewController.swift */; };
		AFDC1E631D5FCBD3005C1CCF /* CameraView.swift in Sources */ = {isa = PBXBuildFile; fileRef = AFDC1E621D5FCBD3005C1CCF /* CameraView.swift */; };
		AFDC1E651D5FCE99005C1CCF /* RecordButton.swift in Sources */ = {isa = PBXBuildFile; fileRef = AFDC1E641D5FCE99005C1CCF /* RecordButton.swift */; };
		AFDC1E671D5FCF81005C1CCF /* ButtonTypes.swift in Sources */ = {isa = PBXBuildFile; fileRef = AFDC1E661D5FCF81005C1CCF /* ButtonTypes.swift */; };
		AFE759331D6280340072FF76 /* NSCoderExtension.swift in Sources */ = {isa = PBXBuildFile; fileRef = AFE759321D6280340072FF76 /* NSCoderExtension.swift */; };
		AFE759351D6282C60072FF76 /* NavBar.swift in Sources */ = {isa = PBXBuildFile; fileRef = AFE759341D6282C60072FF76 /* NavBar.swift */; };
/* End PBXBuildFile section */

/* Begin PBXFileReference section */
		2C434668724D046FFAFD2E7D /* Pods-Touristy.debug.xcconfig */ = {isa = PBXFileReference; includeInIndex = 1; lastKnownFileType = text.xcconfig; name = "Pods-Touristy.debug.xcconfig"; path = "Pods/Target Support Files/Pods-Touristy/Pods-Touristy.debug.xcconfig"; sourceTree = "<group>"; };
		7F8D6969C420E5C71E754CA0 /* Pods_Touristy.framework */ = {isa = PBXFileReference; explicitFileType = wrapper.framework; includeInIndex = 0; path = Pods_Touristy.framework; sourceTree = BUILT_PRODUCTS_DIR; };
		9110BD32C09D5AEEE71F17DC /* Pods-Touristy.release.xcconfig */ = {isa = PBXFileReference; includeInIndex = 1; lastKnownFileType = text.xcconfig; name = "Pods-Touristy.release.xcconfig"; path = "Pods/Target Support Files/Pods-Touristy/Pods-Touristy.release.xcconfig"; sourceTree = "<group>"; };
		AF7091F11D5BDC03001DECE7 /* Default-568h@2x.png */ = {isa = PBXFileReference; lastKnownFileType = image.png; name = "Default-568h@2x.png"; path = "../Default-568h@2x.png"; sourceTree = "<group>"; };
		AF7091F41D5BDC84001DECE7 /* AppDelegate.swift */ = {isa = PBXFileReference; fileEncoding = 4; lastKnownFileType = sourcecode.swift; path = AppDelegate.swift; sourceTree = "<group>"; };
		AF7091F51D5BDC84001DECE7 /* Assets.xcassets */ = {isa = PBXFileReference; lastKnownFileType = folder.assetcatalog; path = Assets.xcassets; sourceTree = "<group>"; };
		AF7091F71D5BDC84001DECE7 /* Base */ = {isa = PBXFileReference; lastKnownFileType = file.storyboard; name = Base; path = Base.lproj/LaunchScreen.storyboard; sourceTree = "<group>"; };
		AF7091F91D5BDC84001DECE7 /* Base */ = {isa = PBXFileReference; lastKnownFileType = file.storyboard; name = Base; path = Base.lproj/Main.storyboard; sourceTree = "<group>"; };
		AF7091FB1D5BDC84001DECE7 /* AppController.swift */ = {isa = PBXFileReference; fileEncoding = 4; lastKnownFileType = sourcecode.swift; path = AppController.swift; sourceTree = "<group>"; };
		AF7091FC1D5BDC84001DECE7 /* CameraViewController.swift */ = {isa = PBXFileReference; fileEncoding = 4; lastKnownFileType = sourcecode.swift; path = CameraViewController.swift; sourceTree = "<group>"; };
		AF7091FD1D5BDC84001DECE7 /* InitialViewController.swift */ = {isa = PBXFileReference; fileEncoding = 4; lastKnownFileType = sourcecode.swift; path = InitialViewController.swift; sourceTree = "<group>"; };
		AF7091FE1D5BDC84001DECE7 /* NavigationController.swift */ = {isa = PBXFileReference; fileEncoding = 4; lastKnownFileType = sourcecode.swift; path = NavigationController.swift; sourceTree = "<group>"; };
		AF7091FF1D5BDC84001DECE7 /* TabBarController.swift */ = {isa = PBXFileReference; fileEncoding = 4; lastKnownFileType = sourcecode.swift; path = TabBarController.swift; sourceTree = "<group>"; };
		AF7092001D5BDC84001DECE7 /* ViewController.swift */ = {isa = PBXFileReference; fileEncoding = 4; lastKnownFileType = sourcecode.swift; path = ViewController.swift; sourceTree = "<group>"; };
		AF7092011D5BDC84001DECE7 /* Info.plist */ = {isa = PBXFileReference; fileEncoding = 4; lastKnownFileType = text.plist.xml; path = Info.plist; sourceTree = "<group>"; };
		AF7092031D5BDC84001DECE7 /* DataStore.swift */ = {isa = PBXFileReference; fileEncoding = 4; lastKnownFileType = sourcecode.swift; path = DataStore.swift; sourceTree = "<group>"; };
		AF7092041D5BDC84001DECE7 /* TourSpotData.swift */ = {isa = PBXFileReference; fileEncoding = 4; lastKnownFileType = sourcecode.swift; path = TourSpotData.swift; sourceTree = "<group>"; };
		AF7092061D5BDC84001DECE7 /* Touristy.xcdatamodel */ = {isa = PBXFileReference; lastKnownFileType = wrapper.xcdatamodel; path = Touristy.xcdatamodel; sourceTree = "<group>"; };
		AF7092081D5BDC84001DECE7 /* Camera.swift */ = {isa = PBXFileReference; fileEncoding = 4; lastKnownFileType = sourcecode.swift; path = Camera.swift; sourceTree = "<group>"; };
		AF70920A1D5BDC84001DECE7 /* MainFeedCell.swift */ = {isa = PBXFileReference; fileEncoding = 4; lastKnownFileType = sourcecode.swift; path = MainFeedCell.swift; sourceTree = "<group>"; };
		AF70920B1D5BDC84001DECE7 /* MainTableView.swift */ = {isa = PBXFileReference; fileEncoding = 4; lastKnownFileType = sourcecode.swift; path = MainTableView.swift; sourceTree = "<group>"; };
		AF70920C1D5BDC84001DECE7 /* MainView.swift */ = {isa = PBXFileReference; fileEncoding = 4; lastKnownFileType = sourcecode.swift; path = MainView.swift; sourceTree = "<group>"; };
		AF7092201D5BE4CF001DECE7 /* APIClient.swift */ = {isa = PBXFileReference; fileEncoding = 4; lastKnownFileType = sourcecode.swift; path = APIClient.swift; sourceTree = "<group>"; };
		AF7092221D5BE503001DECE7 /* Locations.swift */ = {isa = PBXFileReference; fileEncoding = 4; lastKnownFileType = sourcecode.swift; path = Locations.swift; sourceTree = "<group>"; };
		AF7092241D5BE534001DECE7 /* HistoricalLocations.swift */ = {isa = PBXFileReference; fileEncoding = 4; lastKnownFileType = sourcecode.swift; path = HistoricalLocations.swift; sourceTree = "<group>"; };
		AF7092261D5BE610001DECE7 /* AppFont.swift */ = {isa = PBXFileReference; fileEncoding = 4; lastKnownFileType = sourcecode.swift; path = AppFont.swift; sourceTree = "<group>"; };
		AF7777EA1D61114400303DBB /* StartMenuVIewController.swift */ = {isa = PBXFileReference; fileEncoding = 4; lastKnownFileType = sourcecode.swift; path = StartMenuVIewController.swift; sourceTree = "<group>"; };
		AF7777EC1D61123500303DBB /* StartView.swift */ = {isa = PBXFileReference; fileEncoding = 4; lastKnownFileType = sourcecode.swift; path = StartView.swift; sourceTree = "<group>"; };
		AF7777EE1D611D6F00303DBB /* Events.swift */ = {isa = PBXFileReference; fileEncoding = 4; lastKnownFileType = sourcecode.swift; path = Events.swift; sourceTree = "<group>"; };
		AFD1DE791D5BD9F60012C3B4 /* Touristy.app */ = {isa = PBXFileReference; explicitFileType = wrapper.application; includeInIndex = 0; path = Touristy.app; sourceTree = BUILT_PRODUCTS_DIR; };
		AFD9AD581D5C551C0012A55B /* Navigable.swift */ = {isa = PBXFileReference; fileEncoding = 4; lastKnownFileType = sourcecode.swift; path = Navigable.swift; sourceTree = "<group>"; };
		AFD9AD5A1D5C55330012A55B /* Tabable.swift */ = {isa = PBXFileReference; fileEncoding = 4; lastKnownFileType = sourcecode.swift; path = Tabable.swift; sourceTree = "<group>"; };
		AFD9AD5C1D5C55400012A55B /* Searchable.swift */ = {isa = PBXFileReference; fileEncoding = 4; lastKnownFileType = sourcecode.swift; path = Searchable.swift; sourceTree = "<group>"; };
		AFDC1E601D5FC275005C1CCF /* MapKitViewController.swift */ = {isa = PBXFileReference; fileEncoding = 4; lastKnownFileType = sourcecode.swift; path = MapKitViewController.swift; sourceTree = "<group>"; };
		AFDC1E621D5FCBD3005C1CCF /* CameraView.swift */ = {isa = PBXFileReference; fileEncoding = 4; lastKnownFileType = sourcecode.swift; path = CameraView.swift; sourceTree = "<group>"; };
		AFDC1E641D5FCE99005C1CCF /* RecordButton.swift */ = {isa = PBXFileReference; fileEncoding = 4; lastKnownFileType = sourcecode.swift; path = RecordButton.swift; sourceTree = "<group>"; };
		AFDC1E661D5FCF81005C1CCF /* ButtonTypes.swift */ = {isa = PBXFileReference; fileEncoding = 4; lastKnownFileType = sourcecode.swift; path = ButtonTypes.swift; sourceTree = "<group>"; };
		AFE759321D6280340072FF76 /* NSCoderExtension.swift */ = {isa = PBXFileReference; fileEncoding = 4; lastKnownFileType = sourcecode.swift; path = NSCoderExtension.swift; sourceTree = "<group>"; };
		AFE759341D6282C60072FF76 /* NavBar.swift */ = {isa = PBXFileReference; fileEncoding = 4; lastKnownFileType = sourcecode.swift; path = NavBar.swift; sourceTree = "<group>"; };
/* End PBXFileReference section */

/* Begin PBXFrameworksBuildPhase section */
		AFD1DE761D5BD9F60012C3B4 /* Frameworks */ = {
			isa = PBXFrameworksBuildPhase;
			buildActionMask = 2147483647;
			files = (
				03FE92A02FCABF05B1F8386C /* Pods_Touristy.framework in Frameworks */,
			);
			runOnlyForDeploymentPostprocessing = 0;
		};
/* End PBXFrameworksBuildPhase section */

/* Begin PBXGroup section */
		AF7091F31D5BDC84001DECE7 /* Touristy */ = {
			isa = PBXGroup;
			children = (
				AF70921F1D5BE4AE001DECE7 /* Supporting FIles */,
				AF7091FA1D5BDC84001DECE7 /* Controllers */,
				AF7092021D5BDC84001DECE7 /* Models */,
				AF7092071D5BDC84001DECE7 /* Utilities */,
				AF7092091D5BDC84001DECE7 /* Views */,
			);
			path = Touristy;
			sourceTree = "<group>";
		};
		AF7091FA1D5BDC84001DECE7 /* Controllers */ = {
			isa = PBXGroup;
			children = (
				AF7091FB1D5BDC84001DECE7 /* AppController.swift */,
				AF7091FC1D5BDC84001DECE7 /* CameraViewController.swift */,
				AF7091FD1D5BDC84001DECE7 /* InitialViewController.swift */,
				AF7091FE1D5BDC84001DECE7 /* NavigationController.swift */,
				AF7091FF1D5BDC84001DECE7 /* TabBarController.swift */,
				AF7092001D5BDC84001DECE7 /* ViewController.swift */,
				AFD9AD581D5C551C0012A55B /* Navigable.swift */,
				AFD9AD5A1D5C55330012A55B /* Tabable.swift */,
				AFD9AD5C1D5C55400012A55B /* Searchable.swift */,
				AFDC1E601D5FC275005C1CCF /* MapKitViewController.swift */,
				AF7777EA1D61114400303DBB /* StartMenuVIewController.swift */,
			);
			path = Controllers;
			sourceTree = "<group>";
		};
		AF7092021D5BDC84001DECE7 /* Models */ = {
			isa = PBXGroup;
			children = (
				AF7092031D5BDC84001DECE7 /* DataStore.swift */,
				AF7092041D5BDC84001DECE7 /* TourSpotData.swift */,
				AF7092221D5BE503001DECE7 /* Locations.swift */,
				AF7092241D5BE534001DECE7 /* HistoricalLocations.swift */,
				AF7092261D5BE610001DECE7 /* AppFont.swift */,
				AF7777EE1D611D6F00303DBB /* Events.swift */,
			);
			path = Models;
			sourceTree = "<group>";
		};
		AF7092071D5BDC84001DECE7 /* Utilities */ = {
			isa = PBXGroup;
			children = (
				AF7092081D5BDC84001DECE7 /* Camera.swift */,
				AF7092201D5BE4CF001DECE7 /* APIClient.swift */,
				AFE759321D6280340072FF76 /* NSCoderExtension.swift */,
			);
			path = Utilities;
			sourceTree = "<group>";
		};
		AF7092091D5BDC84001DECE7 /* Views */ = {
			isa = PBXGroup;
			children = (
				AF70920A1D5BDC84001DECE7 /* MainFeedCell.swift */,
				AF70920B1D5BDC84001DECE7 /* MainTableView.swift */,
				AF70920C1D5BDC84001DECE7 /* MainView.swift */,
				AFDC1E621D5FCBD3005C1CCF /* CameraView.swift */,
				AFDC1E641D5FCE99005C1CCF /* RecordButton.swift */,
				AFDC1E661D5FCF81005C1CCF /* ButtonTypes.swift */,
				AF7777EC1D61123500303DBB /* StartView.swift */,
				AFE759341D6282C60072FF76 /* NavBar.swift */,
			);
			path = Views;
			sourceTree = "<group>";
		};
		AF70921F1D5BE4AE001DECE7 /* Supporting FIles */ = {
			isa = PBXGroup;
			children = (
				AF7091F11D5BDC03001DECE7 /* Default-568h@2x.png */,
				AF7091F41D5BDC84001DECE7 /* AppDelegate.swift */,
				AF7091F51D5BDC84001DECE7 /* Assets.xcassets */,
				AF7091F61D5BDC84001DECE7 /* LaunchScreen.storyboard */,
				AF7091F81D5BDC84001DECE7 /* Main.storyboard */,
				AF7092051D5BDC84001DECE7 /* Touristy.xcdatamodeld */,
				AF7092011D5BDC84001DECE7 /* Info.plist */,
			);
			name = "Supporting FIles";
			sourceTree = "<group>";
		};
		AFD1DE701D5BD9F60012C3B4 = {
			isa = PBXGroup;
			children = (
				AF7091F31D5BDC84001DECE7 /* Touristy */,
				AFD1DE7A1D5BD9F60012C3B4 /* Products */,
				E2AC47D3AEFD86A9FF4467B1 /* Pods */,
				BBCD3A09BB99ADFA09E30769 /* Frameworks */,
			);
			sourceTree = "<group>";
		};
		AFD1DE7A1D5BD9F60012C3B4 /* Products */ = {
			isa = PBXGroup;
			children = (
				AFD1DE791D5BD9F60012C3B4 /* Touristy.app */,
			);
			name = Products;
			sourceTree = "<group>";
		};
		BBCD3A09BB99ADFA09E30769 /* Frameworks */ = {
			isa = PBXGroup;
			children = (
				7F8D6969C420E5C71E754CA0 /* Pods_Touristy.framework */,
			);
			name = Frameworks;
			sourceTree = "<group>";
		};
		E2AC47D3AEFD86A9FF4467B1 /* Pods */ = {
			isa = PBXGroup;
			children = (
				2C434668724D046FFAFD2E7D /* Pods-Touristy.debug.xcconfig */,
				9110BD32C09D5AEEE71F17DC /* Pods-Touristy.release.xcconfig */,
			);
			name = Pods;
			sourceTree = "<group>";
		};
/* End PBXGroup section */

/* Begin PBXNativeTarget section */
		AFD1DE781D5BD9F60012C3B4 /* Touristy */ = {
			isa = PBXNativeTarget;
			buildConfigurationList = AFD1DE8E1D5BD9F60012C3B4 /* Build configuration list for PBXNativeTarget "Touristy" */;
			buildPhases = (
				39F550A1EE871F381D8ED74A /* [CP] Check Pods Manifest.lock */,
				AFD1DE751D5BD9F60012C3B4 /* Sources */,
				AFD1DE761D5BD9F60012C3B4 /* Frameworks */,
				AFD1DE771D5BD9F60012C3B4 /* Resources */,
				76E232AC0A523BB8682B459B /* [CP] Embed Pods Frameworks */,
				AC76843D0BC254C05D9EC3CA /* [CP] Copy Pods Resources */,
			);
			buildRules = (
			);
			dependencies = (
			);
			name = Touristy;
			productName = Touristy;
			productReference = AFD1DE791D5BD9F60012C3B4 /* Touristy.app */;
			productType = "com.apple.product-type.application";
		};
/* End PBXNativeTarget section */

/* Begin PBXProject section */
		AFD1DE711D5BD9F60012C3B4 /* Project object */ = {
			isa = PBXProject;
			attributes = {
				LastSwiftUpdateCheck = 0730;
				LastUpgradeCheck = 0730;
				ORGANIZATIONNAME = "Christopher Webb-Orenstein";
				TargetAttributes = {
					AFD1DE781D5BD9F60012C3B4 = {
						CreatedOnToolsVersion = 7.3.1;
					};
				};
			};
			buildConfigurationList = AFD1DE741D5BD9F60012C3B4 /* Build configuration list for PBXProject "Touristy" */;
			compatibilityVersion = "Xcode 3.2";
			developmentRegion = English;
			hasScannedForEncodings = 0;
			knownRegions = (
				en,
				Base,
			);
			mainGroup = AFD1DE701D5BD9F60012C3B4;
			productRefGroup = AFD1DE7A1D5BD9F60012C3B4 /* Products */;
			projectDirPath = "";
			projectRoot = "";
			targets = (
				AFD1DE781D5BD9F60012C3B4 /* Touristy */,
			);
		};
/* End PBXProject section */

/* Begin PBXResourcesBuildPhase section */
		AFD1DE771D5BD9F60012C3B4 /* Resources */ = {
			isa = PBXResourcesBuildPhase;
			buildActionMask = 2147483647;
			files = (
				AF70920F1D5BDC84001DECE7 /* LaunchScreen.storyboard in Resources */,
				AF70920E1D5BDC84001DECE7 /* Assets.xcassets in Resources */,
				AF7091F21D5BDC03001DECE7 /* Default-568h@2x.png in Resources */,
				AF7092101D5BDC84001DECE7 /* Main.storyboard in Resources */,
			);
			runOnlyForDeploymentPostprocessing = 0;
		};
/* End PBXResourcesBuildPhase section */

/* Begin PBXShellScriptBuildPhase section */
		39F550A1EE871F381D8ED74A /* [CP] Check Pods Manifest.lock */ = {
			isa = PBXShellScriptBuildPhase;
			buildActionMask = 2147483647;
			files = (
			);
			inputPaths = (
			);
			name = "[CP] Check Pods Manifest.lock";
			outputPaths = (
			);
			runOnlyForDeploymentPostprocessing = 0;
			shellPath = /bin/sh;
			shellScript = "diff \"${PODS_ROOT}/../Podfile.lock\" \"${PODS_ROOT}/Manifest.lock\" > /dev/null\nif [[ $? != 0 ]] ; then\n    cat << EOM\nerror: The sandbox is not in sync with the Podfile.lock. Run 'pod install' or update your CocoaPods installation.\nEOM\n    exit 1\nfi\n";
			showEnvVarsInLog = 0;
		};
		76E232AC0A523BB8682B459B /* [CP] Embed Pods Frameworks */ = {
			isa = PBXShellScriptBuildPhase;
			buildActionMask = 2147483647;
			files = (
			);
			inputPaths = (
			);
			name = "[CP] Embed Pods Frameworks";
			outputPaths = (
			);
			runOnlyForDeploymentPostprocessing = 0;
			shellPath = /bin/sh;
			shellScript = "\"${SRCROOT}/Pods/Target Support Files/Pods-Touristy/Pods-Touristy-frameworks.sh\"\n";
			showEnvVarsInLog = 0;
		};
		AC76843D0BC254C05D9EC3CA /* [CP] Copy Pods Resources */ = {
			isa = PBXShellScriptBuildPhase;
			buildActionMask = 2147483647;
			files = (
			);
			inputPaths = (
			);
			name = "[CP] Copy Pods Resources";
			outputPaths = (
			);
			runOnlyForDeploymentPostprocessing = 0;
			shellPath = /bin/sh;
			shellScript = "\"${SRCROOT}/Pods/Target Support Files/Pods-Touristy/Pods-Touristy-resources.sh\"\n";
			showEnvVarsInLog = 0;
		};
/* End PBXShellScriptBuildPhase section */

/* Begin PBXSourcesBuildPhase section */
		AFD1DE751D5BD9F60012C3B4 /* Sources */ = {
			isa = PBXSourcesBuildPhase;
			buildActionMask = 2147483647;
			files = (
				AF70921D1D5BDC84001DECE7 /* MainTableView.swift in Sources */,
				AF70921E1D5BDC84001DECE7 /* MainView.swift in Sources */,
				AFDC1E671D5FCF81005C1CCF /* ButtonTypes.swift in Sources */,
				AF7092271D5BE610001DECE7 /* AppFont.swift in Sources */,
				AF7777EF1D611D6F00303DBB /* Events.swift in Sources */,
				AFE759351D6282C60072FF76 /* NavBar.swift in Sources */,
				AF70921B1D5BDC84001DECE7 /* Camera.swift in Sources */,
				AFDC1E611D5FC275005C1CCF /* MapKitViewController.swift in Sources */,
				AF70921A1D5BDC84001DECE7 /* Touristy.xcdatamodeld in Sources */,
				AF70921C1D5BDC84001DECE7 /* MainFeedCell.swift in Sources */,
				AF70920D1D5BDC84001DECE7 /* AppDelegate.swift in Sources */,
				AFDC1E651D5FCE99005C1CCF /* RecordButton.swift in Sources */,
				AF7092231D5BE503001DECE7 /* Locations.swift in Sources */,
				AF7092181D5BDC84001DECE7 /* DataStore.swift in Sources */,
				AF7092251D5BE534001DECE7 /* HistoricalLocations.swift in Sources */,
				AF7092111D5BDC84001DECE7 /* AppController.swift in Sources */,
				AFD9AD5B1D5C55330012A55B /* Tabable.swift in Sources */,
				AFE759331D6280340072FF76 /* NSCoderExtension.swift in Sources */,
				AF7092211D5BE4CF001DECE7 /* APIClient.swift in Sources */,
				AF7092141D5BDC84001DECE7 /* NavigationController.swift in Sources */,
				AF7092151D5BDC84001DECE7 /* TabBarController.swift in Sources */,
				AF7777ED1D61123500303DBB /* StartView.swift in Sources */,
				AFD9AD591D5C551C0012A55B /* Navigable.swift in Sources */,
				AF7092161D5BDC84001DECE7 /* ViewController.swift in Sources */,
				AF7777EB1D61114400303DBB /* StartMenuVIewController.swift in Sources */,
				AFDC1E631D5FCBD3005C1CCF /* CameraView.swift in Sources */,
				AF7092191D5BDC84001DECE7 /* TourSpotData.swift in Sources */,
				AF7092121D5BDC84001DECE7 /* CameraViewController.swift in Sources */,
				AFD9AD5D1D5C55400012A55B /* Searchable.swift in Sources */,
				AF7092131D5BDC84001DECE7 /* InitialViewController.swift in Sources */,
			);
			runOnlyForDeploymentPostprocessing = 0;
		};
/* End PBXSourcesBuildPhase section */

/* Begin PBXVariantGroup section */
		AF7091F61D5BDC84001DECE7 /* LaunchScreen.storyboard */ = {
			isa = PBXVariantGroup;
			children = (
				AF7091F71D5BDC84001DECE7 /* Base */,
			);
			name = LaunchScreen.storyboard;
			sourceTree = "<group>";
		};
		AF7091F81D5BDC84001DECE7 /* Main.storyboard */ = {
			isa = PBXVariantGroup;
			children = (
				AF7091F91D5BDC84001DECE7 /* Base */,
			);
			name = Main.storyboard;
			sourceTree = "<group>";
		};
/* End PBXVariantGroup section */

/* Begin XCBuildConfiguration section */
		AFD1DE8C1D5BD9F60012C3B4 /* Debug */ = {
			isa = XCBuildConfiguration;
			buildSettings = {
				ALWAYS_SEARCH_USER_PATHS = NO;
				CLANG_ANALYZER_NONNULL = YES;
				CLANG_CXX_LANGUAGE_STANDARD = "gnu++0x";
				CLANG_CXX_LIBRARY = "libc++";
				CLANG_ENABLE_MODULES = YES;
				CLANG_ENABLE_OBJC_ARC = YES;
				CLANG_WARN_BOOL_CONVERSION = YES;
				CLANG_WARN_CONSTANT_CONVERSION = YES;
				CLANG_WARN_DIRECT_OBJC_ISA_USAGE = YES_ERROR;
				CLANG_WARN_EMPTY_BODY = YES;
				CLANG_WARN_ENUM_CONVERSION = YES;
				CLANG_WARN_INT_CONVERSION = YES;
				CLANG_WARN_OBJC_ROOT_CLASS = YES_ERROR;
				CLANG_WARN_UNREACHABLE_CODE = YES;
				CLANG_WARN__DUPLICATE_METHOD_MATCH = YES;
				"CODE_SIGN_IDENTITY[sdk=iphoneos*]" = "iPhone Developer";
				COPY_PHASE_STRIP = NO;
				DEBUG_INFORMATION_FORMAT = dwarf;
				ENABLE_STRICT_OBJC_MSGSEND = YES;
				ENABLE_TESTABILITY = YES;
				GCC_C_LANGUAGE_STANDARD = gnu99;
				GCC_DYNAMIC_NO_PIC = NO;
				GCC_NO_COMMON_BLOCKS = YES;
				GCC_OPTIMIZATION_LEVEL = 0;
				GCC_PREPROCESSOR_DEFINITIONS = (
					"DEBUG=1",
					"$(inherited)",
				);
				GCC_WARN_64_TO_32_BIT_CONVERSION = YES;
				GCC_WARN_ABOUT_RETURN_TYPE = YES_ERROR;
				GCC_WARN_UNDECLARED_SELECTOR = YES;
				GCC_WARN_UNINITIALIZED_AUTOS = YES_AGGRESSIVE;
				GCC_WARN_UNUSED_FUNCTION = YES;
				GCC_WARN_UNUSED_VARIABLE = YES;
				IPHONEOS_DEPLOYMENT_TARGET = 9.3;
				MTL_ENABLE_DEBUG_INFO = YES;
				ONLY_ACTIVE_ARCH = YES;
				SDKROOT = iphoneos;
				SWIFT_OPTIMIZATION_LEVEL = "-Onone";
			};
			name = Debug;
		};
		AFD1DE8D1D5BD9F60012C3B4 /* Release */ = {
			isa = XCBuildConfiguration;
			buildSettings = {
				ALWAYS_SEARCH_USER_PATHS = NO;
				CLANG_ANALYZER_NONNULL = YES;
				CLANG_CXX_LANGUAGE_STANDARD = "gnu++0x";
				CLANG_CXX_LIBRARY = "libc++";
				CLANG_ENABLE_MODULES = YES;
				CLANG_ENABLE_OBJC_ARC = YES;
				CLANG_WARN_BOOL_CONVERSION = YES;
				CLANG_WARN_CONSTANT_CONVERSION = YES;
				CLANG_WARN_DIRECT_OBJC_ISA_USAGE = YES_ERROR;
				CLANG_WARN_EMPTY_BODY = YES;
				CLANG_WARN_ENUM_CONVERSION = YES;
				CLANG_WARN_INT_CONVERSION = YES;
				CLANG_WARN_OBJC_ROOT_CLASS = YES_ERROR;
				CLANG_WARN_UNREACHABLE_CODE = YES;
				CLANG_WARN__DUPLICATE_METHOD_MATCH = YES;
				"CODE_SIGN_IDENTITY[sdk=iphoneos*]" = "iPhone Developer";
				COPY_PHASE_STRIP = NO;
				DEBUG_INFORMATION_FORMAT = "dwarf-with-dsym";
				ENABLE_NS_ASSERTIONS = NO;
				ENABLE_STRICT_OBJC_MSGSEND = YES;
				GCC_C_LANGUAGE_STANDARD = gnu99;
				GCC_NO_COMMON_BLOCKS = YES;
				GCC_WARN_64_TO_32_BIT_CONVERSION = YES;
				GCC_WARN_ABOUT_RETURN_TYPE = YES_ERROR;
				GCC_WARN_UNDECLARED_SELECTOR = YES;
				GCC_WARN_UNINITIALIZED_AUTOS = YES_AGGRESSIVE;
				GCC_WARN_UNUSED_FUNCTION = YES;
				GCC_WARN_UNUSED_VARIABLE = YES;
				IPHONEOS_DEPLOYMENT_TARGET = 9.3;
				MTL_ENABLE_DEBUG_INFO = NO;
				SDKROOT = iphoneos;
				VALIDATE_PRODUCT = YES;
			};
			name = Release;
		};
		AFD1DE8F1D5BD9F60012C3B4 /* Debug */ = {
			isa = XCBuildConfiguration;
			baseConfigurationReference = 2C434668724D046FFAFD2E7D /* Pods-Touristy.debug.xcconfig */;
			buildSettings = {
				ASSETCATALOG_COMPILER_APPICON_NAME = AppIcon;
				INFOPLIST_FILE = Touristy/Info.plist;
				LD_RUNPATH_SEARCH_PATHS = "$(inherited) @executable_path/Frameworks";
				PRODUCT_BUNDLE_IDENTIFIER = com.Webb.C.Touristy;
				PRODUCT_NAME = "$(TARGET_NAME)";
			};
			name = Debug;
		};
		AFD1DE901D5BD9F60012C3B4 /* Release */ = {
			isa = XCBuildConfiguration;
			baseConfigurationReference = 9110BD32C09D5AEEE71F17DC /* Pods-Touristy.release.xcconfig */;
			buildSettings = {
				ASSETCATALOG_COMPILER_APPICON_NAME = AppIcon;
				INFOPLIST_FILE = Touristy/Info.plist;
				LD_RUNPATH_SEARCH_PATHS = "$(inherited) @executable_path/Frameworks";
				PRODUCT_BUNDLE_IDENTIFIER = com.Webb.C.Touristy;
				PRODUCT_NAME = "$(TARGET_NAME)";
			};
			name = Release;
		};
/* End XCBuildConfiguration section */

/* Begin XCConfigurationList section */
		AFD1DE741D5BD9F60012C3B4 /* Build configuration list for PBXProject "Touristy" */ = {
			isa = XCConfigurationList;
			buildConfigurations = (
				AFD1DE8C1D5BD9F60012C3B4 /* Debug */,
				AFD1DE8D1D5BD9F60012C3B4 /* Release */,
			);
			defaultConfigurationIsVisible = 0;
			defaultConfigurationName = Release;
		};
		AFD1DE8E1D5BD9F60012C3B4 /* Build configuration list for PBXNativeTarget "Touristy" */ = {
			isa = XCConfigurationList;
			buildConfigurations = (
				AFD1DE8F1D5BD9F60012C3B4 /* Debug */,
				AFD1DE901D5BD9F60012C3B4 /* Release */,
			);
			defaultConfigurationIsVisible = 0;
			defaultConfigurationName = Release;
		};
/* End XCConfigurationList section */

/* Begin XCVersionGroup section */
		AF7092051D5BDC84001DECE7 /* Touristy.xcdatamodeld */ = {
			isa = XCVersionGroup;
			children = (
				AF7092061D5BDC84001DECE7 /* Touristy.xcdatamodel */,
			);
			currentVersion = AF7092061D5BDC84001DECE7 /* Touristy.xcdatamodel */;
			path = Touristy.xcdatamodeld;
			sourceTree = "<group>";
			versionGroupType = wrapper.xcdatamodel;
		};
/* End XCVersionGroup section */
	};
	rootObject = AFD1DE711D5BD9F60012C3B4 /* Project object */;
}
